
Microsoft Visual Studio Solution File, Format Version 12.00
# Visual Studio Version 16
VisualStudioVersion = 16.0.29215.179
MinimumVisualStudioVersion = 10.0.40219.1
Project("{FAE04EC0-301F-11D3-BF4B-00C04F79EFBC}") = "AdventureGame", "LostV2\AdventureGame.csproj", "{469F40FC-8D84-433D-9169-A9451AFC6675}"
EndProject
Global
	GlobalSection(SolutionConfigurationPlatforms) = preSolution
		Debug|Any CPU = Debug|Any CPU
		Release|Any CPU = Release|Any CPU
	EndGlobalSection
	GlobalSection(ProjectConfigurationPlatforms) = postSolution
		{469F40FC-8D84-433D-9169-A9451AFC6675}.Debug|Any CPU.ActiveCfg = Debug|Any CPU
		{469F40FC-8D84-433D-9169-A9451AFC6675}.Debug|Any CPU.Build.0 = Debug|Any CPU
		{469F40FC-8D84-433D-9169-A9451AFC6675}.Release|Any CPU.ActiveCfg = Release|Any CPU
		{469F40FC-8D84-433D-9169-A9451AFC6675}.Release|Any CPU.Build.0 = Release|Any CPU
	EndGlobalSection
	GlobalSection(SolutionProperties) = preSolution
		HideSolutionNode = FALSE
	EndGlobalSection
	GlobalSection(ExtensibilityGlobals) = postSolution
		SolutionGuid = {4470D707-642F-4B50-A10F-844BBE45A4AB}
	EndGlobalSection
EndGlobal
